
Microsoft Visual Studio Solution File, Format Version 12.00
# Visual Studio Version 16
VisualStudioVersion = 16.0.29418.71
MinimumVisualStudioVersion = 10.0.40219.1
Project("{FAE04EC0-301F-11D3-BF4B-00C04F79EFBC}") = "JTS.Business", "JTS.Business\JTS.Business.csproj", "{679AA423-FDC4-4E2D-8665-4503BD356219}"
EndProject
Project("{FAE04EC0-301F-11D3-BF4B-00C04F79EFBC}") = "JTS.Service", "JTS.Service\JTS.Service.csproj", "{FB8AC15E-40A6-4B23-AE03-9D48CE6C69A6}"
EndProject
Project("{FAE04EC0-301F-11D3-BF4B-00C04F79EFBC}") = "JTS.Contracts", "JTS.Contracts\JTS.Contracts.csproj", "{563EA959-A535-4C92-9144-CF4CDB97E023}"
EndProject
Project("{FAE04EC0-301F-11D3-BF4B-00C04F79EFBC}") = "JTS.Volunteer", "JTS.Volunteer\JTS.Volunteer.csproj", "{06AA6395-BA58-431A-BDAA-4633769125CA}"
EndProject
Global
	GlobalSection(SolutionConfigurationPlatforms) = preSolution
		Debug|Any CPU = Debug|Any CPU
		Release|Any CPU = Release|Any CPU
	EndGlobalSection
	GlobalSection(ProjectConfigurationPlatforms) = postSolution
		{679AA423-FDC4-4E2D-8665-4503BD356219}.Debug|Any CPU.ActiveCfg = Debug|Any CPU
		{679AA423-FDC4-4E2D-8665-4503BD356219}.Debug|Any CPU.Build.0 = Debug|Any CPU
		{679AA423-FDC4-4E2D-8665-4503BD356219}.Release|Any CPU.ActiveCfg = Release|Any CPU
		{679AA423-FDC4-4E2D-8665-4503BD356219}.Release|Any CPU.Build.0 = Release|Any CPU
		{FB8AC15E-40A6-4B23-AE03-9D48CE6C69A6}.Debug|Any CPU.ActiveCfg = Debug|Any CPU
		{FB8AC15E-40A6-4B23-AE03-9D48CE6C69A6}.Debug|Any CPU.Build.0 = Debug|Any CPU
		{FB8AC15E-40A6-4B23-AE03-9D48CE6C69A6}.Release|Any CPU.ActiveCfg = Release|Any CPU
		{FB8AC15E-40A6-4B23-AE03-9D48CE6C69A6}.Release|Any CPU.Build.0 = Release|Any CPU
		{563EA959-A535-4C92-9144-CF4CDB97E023}.Debug|Any CPU.ActiveCfg = Debug|Any CPU
		{563EA959-A535-4C92-9144-CF4CDB97E023}.Debug|Any CPU.Build.0 = Debug|Any CPU
		{563EA959-A535-4C92-9144-CF4CDB97E023}.Release|Any CPU.ActiveCfg = Release|Any CPU
		{563EA959-A535-4C92-9144-CF4CDB97E023}.Release|Any CPU.Build.0 = Release|Any CPU
		{06AA6395-BA58-431A-BDAA-4633769125CA}.Debug|Any CPU.ActiveCfg = Debug|Any CPU
		{06AA6395-BA58-431A-BDAA-4633769125CA}.Debug|Any CPU.Build.0 = Debug|Any CPU
		{06AA6395-BA58-431A-BDAA-4633769125CA}.Release|Any CPU.ActiveCfg = Release|Any CPU
		{06AA6395-BA58-431A-BDAA-4633769125CA}.Release|Any CPU.Build.0 = Release|Any CPU
	EndGlobalSection
	GlobalSection(SolutionProperties) = preSolution
		HideSolutionNode = FALSE
	EndGlobalSection
	GlobalSection(ExtensibilityGlobals) = postSolution
		SolutionGuid = {B1173994-3124-4223-BC96-51E5769A9289}
	EndGlobalSection
EndGlobal
